
Microsoft Visual Studio Solution File, Format Version 12.00
# Visual Studio Version 17
VisualStudioVersion = 17.9.34723.18
MinimumVisualStudioVersion = 10.0.40219.1
Project("{FAE04EC0-301F-11D3-BF4B-00C04F79EFBC}") = "RealTimeServer", "RealTimeServer.csproj", "{9E6ABCBD-7C1B-46D7-854D-3AEE4C057D7A}"
	ProjectSection(ProjectDependencies) = postProject
		{DA28978C-8DDC-4FB9-BB70-45711E608622} = {DA28978C-8DDC-4FB9-BB70-45711E608622}
	EndProjectSection
EndProject
Project("{FAE04EC0-301F-11D3-BF4B-00C04F79EFBC}") = "Shared", "..\Shared\Shared.csproj", "{DA28978C-8DDC-4FB9-BB70-45711E608622}"
EndProject
Global
	GlobalSection(SolutionConfigurationPlatforms) = preSolution
		Debug|Any CPU = Debug|Any CPU
		Release|Any CPU = Release|Any CPU
	EndGlobalSection
	GlobalSection(ProjectConfigurationPlatforms) = postSolution
		{9E6ABCBD-7C1B-46D7-854D-3AEE4C057D7A}.Debug|Any CPU.ActiveCfg = Debug|Any CPU
		{9E6ABCBD-7C1B-46D7-854D-3AEE4C057D7A}.Debug|Any CPU.Build.0 = Debug|Any CPU
		{9E6ABCBD-7C1B-46D7-854D-3AEE4C057D7A}.Release|Any CPU.ActiveCfg = Release|Any CPU
		{9E6ABCBD-7C1B-46D7-854D-3AEE4C057D7A}.Release|Any CPU.Build.0 = Release|Any CPU
		{DA28978C-8DDC-4FB9-BB70-45711E608622}.Debug|Any CPU.ActiveCfg = Debug|Any CPU
		{DA28978C-8DDC-4FB9-BB70-45711E608622}.Debug|Any CPU.Build.0 = Debug|Any CPU
		{DA28978C-8DDC-4FB9-BB70-45711E608622}.Release|Any CPU.ActiveCfg = Release|Any CPU
		{DA28978C-8DDC-4FB9-BB70-45711E608622}.Release|Any CPU.Build.0 = Release|Any CPU
	EndGlobalSection
	GlobalSection(SolutionProperties) = preSolution
		HideSolutionNode = FALSE
	EndGlobalSection
	GlobalSection(ExtensibilityGlobals) = postSolution
		SolutionGuid = {D979BDB9-E17F-4A7E-9436-958AF467BA13}
	EndGlobalSection
EndGlobal
